
Microsoft Visual Studio Solution File, Format Version 12.00
# Visual Studio Version 17
VisualStudioVersion = 17.5.002.0
MinimumVisualStudioVersion = 10.0.40219.1
Project("{9A19103F-16F7-4668-BE54-9A1E7A4F7556}") = "prueba2", "prueba2.csproj", "{EC80A600-1013-4719-8527-D497B6385A5D}"
EndProject
Global
	GlobalSection(SolutionConfigurationPlatforms) = preSolution
		Debug|Any CPU = Debug|Any CPU
		Release|Any CPU = Release|Any CPU
	EndGlobalSection
	GlobalSection(ProjectConfigurationPlatforms) = postSolution
		{EC80A600-1013-4719-8527-D497B6385A5D}.Debug|Any CPU.ActiveCfg = Debug|Any CPU
		{EC80A600-1013-4719-8527-D497B6385A5D}.Debug|Any CPU.Build.0 = Debug|Any CPU
		{EC80A600-1013-4719-8527-D497B6385A5D}.Release|Any CPU.ActiveCfg = Release|Any CPU
		{EC80A600-1013-4719-8527-D497B6385A5D}.Release|Any CPU.Build.0 = Release|Any CPU
	EndGlobalSection
	GlobalSection(SolutionProperties) = preSolution
		HideSolutionNode = FALSE
	EndGlobalSection
	GlobalSection(ExtensibilityGlobals) = postSolution
		SolutionGuid = {47372084-AB20-4F60-86AD-28B8F7BC1C4F}
	EndGlobalSection
EndGlobal
